
Microsoft Visual Studio Solution File, Format Version 12.00
# Visual Studio Version 17
VisualStudioVersion = 17.13.35818.85 d17.13
MinimumVisualStudioVersion = 10.0.40219.1
Project("{FAE04EC0-301F-11D3-BF4B-00C04F79EFBC}") = "Muzicka_skola", "Muzicka_skola.csproj", "{DA7786CF-D226-4B43-A100-E42CD65D61F2}"
EndProject
Global
	GlobalSection(SolutionConfigurationPlatforms) = preSolution
		Debug|Any CPU = Debug|Any CPU
		Release|Any CPU = Release|Any CPU
	EndGlobalSection
	GlobalSection(ProjectConfigurationPlatforms) = postSolution
		{DA7786CF-D226-4B43-A100-E42CD65D61F2}.Debug|Any CPU.ActiveCfg = Debug|Any CPU
		{DA7786CF-D226-4B43-A100-E42CD65D61F2}.Debug|Any CPU.Build.0 = Debug|Any CPU
		{DA7786CF-D226-4B43-A100-E42CD65D61F2}.Release|Any CPU.ActiveCfg = Release|Any CPU
		{DA7786CF-D226-4B43-A100-E42CD65D61F2}.Release|Any CPU.Build.0 = Release|Any CPU
	EndGlobalSection
	GlobalSection(SolutionProperties) = preSolution
		HideSolutionNode = FALSE
	EndGlobalSection
	GlobalSection(ExtensibilityGlobals) = postSolution
		SolutionGuid = {BFF739E1-14A7-49A6-99D6-6B960F4ABD9F}
	EndGlobalSection
EndGlobal
